
Microsoft Visual Studio Solution File, Format Version 12.00
# Visual Studio Version 16
VisualStudioVersion = 16.0.31410.357
MinimumVisualStudioVersion = 10.0.40219.1
Project("{FAE04EC0-301F-11D3-BF4B-00C04F79EFBC}") = "NUnitTestingProgram", "NUnitTestingProgram\NUnitTestingProgram.csproj", "{EE7AD308-91D3-4031-A002-EE2E0A6BE54C}"
EndProject
Global
	GlobalSection(SolutionConfigurationPlatforms) = preSolution
		Debug|Any CPU = Debug|Any CPU
		Release|Any CPU = Release|Any CPU
	EndGlobalSection
	GlobalSection(ProjectConfigurationPlatforms) = postSolution
		{EE7AD308-91D3-4031-A002-EE2E0A6BE54C}.Debug|Any CPU.ActiveCfg = Debug|Any CPU
		{EE7AD308-91D3-4031-A002-EE2E0A6BE54C}.Debug|Any CPU.Build.0 = Debug|Any CPU
		{EE7AD308-91D3-4031-A002-EE2E0A6BE54C}.Release|Any CPU.ActiveCfg = Release|Any CPU
		{EE7AD308-91D3-4031-A002-EE2E0A6BE54C}.Release|Any CPU.Build.0 = Release|Any CPU
	EndGlobalSection
	GlobalSection(SolutionProperties) = preSolution
		HideSolutionNode = FALSE
	EndGlobalSection
	GlobalSection(ExtensibilityGlobals) = postSolution
		SolutionGuid = {9B9F69AF-538C-4789-A19A-A9B7B4261E3F}
	EndGlobalSection
EndGlobal
